// !$*UTF8*$!
{
	archiveVersion = 1;
	classes = {
	};
	objectVersion = 56;
	objects = {

/* Begin PBXBuildFile section */
		47043D422B802C000015074E /* MyFaceBookApp.swift in Sources */ = {isa = PBXBuildFile; fileRef = 47043D412B802C000015074E /* MyFaceBookApp.swift */; };
		47043D442B802C000015074E /* ContentView.swift in Sources */ = {isa = PBXBuildFile; fileRef = 47043D432B802C000015074E /* ContentView.swift */; };
		47043D462B802C010015074E /* Assets.xcassets in Resources */ = {isa = PBXBuildFile; fileRef = 47043D452B802C010015074E /* Assets.xcassets */; };
		47043D492B802C010015074E /* Preview Assets.xcassets in Resources */ = {isa = PBXBuildFile; fileRef = 47043D482B802C010015074E /* Preview Assets.xcassets */; };
		47043D502B802C180015074E /* User.swift in Sources */ = {isa = PBXBuildFile; fileRef = 47043D4F2B802C180015074E /* User.swift */; };
		47043D522B802C720015074E /* Friend.swift in Sources */ = {isa = PBXBuildFile; fileRef = 47043D512B802C720015074E /* Friend.swift */; };
		47043D542B802D1D0015074E /* URLSessionDecoder.swift in Sources */ = {isa = PBXBuildFile; fileRef = 47043D532B802D1D0015074E /* URLSessionDecoder.swift */; };
/* End PBXBuildFile section */

/* Begin PBXFileReference section */
		47043D3E2B802C000015074E /* MyFaceBook.app */ = {isa = PBXFileReference; explicitFileType = wrapper.application; includeInIndex = 0; path = MyFaceBook.app; sourceTree = BUILT_PRODUCTS_DIR; };
		47043D412B802C000015074E /* MyFaceBookApp.swift */ = {isa = PBXFileReference; lastKnownFileType = sourcecode.swift; path = MyFaceBookApp.swift; sourceTree = "<group>"; };
		47043D432B802C000015074E /* ContentView.swift */ = {isa = PBXFileReference; lastKnownFileType = sourcecode.swift; path = ContentView.swift; sourceTree = "<group>"; };
		47043D452B802C010015074E /* Assets.xcassets */ = {isa = PBXFileReference; lastKnownFileType = folder.assetcatalog; path = Assets.xcassets; sourceTree = "<group>"; };
		47043D482B802C010015074E /* Preview Assets.xcassets */ = {isa = PBXFileReference; lastKnownFileType = folder.assetcatalog; path = "Preview Assets.xcassets"; sourceTree = "<group>"; };
		47043D4F2B802C180015074E /* User.swift */ = {isa = PBXFileReference; lastKnownFileType = sourcecode.swift; path = User.swift; sourceTree = "<group>"; };
		47043D512B802C720015074E /* Friend.swift */ = {isa = PBXFileReference; lastKnownFileType = sourcecode.swift; path = Friend.swift; sourceTree = "<group>"; };
		47043D532B802D1D0015074E /* URLSessionDecoder.swift */ = {isa = PBXFileReference; lastKnownFileType = sourcecode.swift; path = URLSessionDecoder.swift; sourceTree = "<group>"; };
		475670E92B81193900D98003 /* README.md */ = {isa = PBXFileReference; lastKnownFileType = net.daringfireball.markdown; path = README.md; sourceTree = "<group>"; };
/* End PBXFileReference section */

/* Begin PBXFrameworksBuildPhase section */
		47043D3B2B802C000015074E /* Frameworks */ = {
			isa = PBXFrameworksBuildPhase;
			buildActionMask = 2147483647;
			files = (
			);
			runOnlyForDeploymentPostprocessing = 0;
		};
/* End PBXFrameworksBuildPhase section */

/* Begin PBXGroup section */
		47043D352B802C000015074E = {
			isa = PBXGroup;
			children = (
				47043D402B802C000015074E /* MyFaceBook */,
				47043D3F2B802C000015074E /* Products */,
			);
			sourceTree = "<group>";
		};
		47043D3F2B802C000015074E /* Products */ = {
			isa = PBXGroup;
			children = (
				47043D3E2B802C000015074E /* MyFaceBook.app */,
			);
			name = Products;
			sourceTree = "<group>";
		};
		47043D402B802C000015074E /* MyFaceBook */ = {
			isa = PBXGroup;
			children = (
				47043D412B802C000015074E /* MyFaceBookApp.swift */,
				475670E02B80797B00D98003 /* view */,
				475670E62B807A6900D98003 /* swift data */,
				47043D452B802C010015074E /* Assets.xcassets */,
				47043D472B802C010015074E /* Preview Content */,
			);
			path = MyFaceBook;
			sourceTree = "<group>";
		};
		47043D472B802C010015074E /* Preview Content */ = {
			isa = PBXGroup;
			children = (
				47043D482B802C010015074E /* Preview Assets.xcassets */,
			);
			path = "Preview Content";
			sourceTree = "<group>";
		};
		475670E02B80797B00D98003 /* view */ = {
			isa = PBXGroup;
			children = (
				47043D432B802C000015074E /* ContentView.swift */,
			);
			path = view;
			sourceTree = "<group>";
		};
		475670E62B807A6900D98003 /* swift data */ = {
			isa = PBXGroup;
			children = (
				475670E72B807A7500D98003 /* models */,
				475670E82B807A8F00D98003 /* data helpers */,
			);
			path = "swift data";
			sourceTree = "<group>";
		};
		475670E72B807A7500D98003 /* models */ = {
			isa = PBXGroup;
			children = (
				47043D4F2B802C180015074E /* User.swift */,
				47043D512B802C720015074E /* Friend.swift */,
			);
			path = models;
			sourceTree = "<group>";
		};
		475670E82B807A8F00D98003 /* data helpers */ = {
			isa = PBXGroup;
			children = (
				47043D532B802D1D0015074E /* URLSessionDecoder.swift */,
				475670E92B81193900D98003 /* README.md */,
			);
			path = "data helpers";
			sourceTree = "<group>";
		};
/* End PBXGroup section */

/* Begin PBXNativeTarget section */
		47043D3D2B802C000015074E /* MyFaceBook */ = {
			isa = PBXNativeTarget;
			buildConfigurationList = 47043D4C2B802C010015074E /* Build configuration list for PBXNativeTarget "MyFaceBook" */;
			buildPhases = (
				47043D3A2B802C000015074E /* Sources */,
				47043D3B2B802C000015074E /* Frameworks */,
				47043D3C2B802C000015074E /* Resources */,
			);
			buildRules = (
			);
			dependencies = (
			);
			name = MyFaceBook;
			productName = MyFaceBook;
			productReference = 47043D3E2B802C000015074E /* MyFaceBook.app */;
			productType = "com.apple.product-type.application";
		};
/* End PBXNativeTarget section */

/* Begin PBXProject section */
		47043D362B802C000015074E /* Project object */ = {
			isa = PBXProject;
			attributes = {
				BuildIndependentTargetsInParallel = 1;
				LastSwiftUpdateCheck = 1520;
				LastUpgradeCheck = 1520;
				TargetAttributes = {
					47043D3D2B802C000015074E = {
						CreatedOnToolsVersion = 15.2;
					};
				};
			};
			buildConfigurationList = 47043D392B802C000015074E /* Build configuration list for PBXProject "MyFaceBook" */;
			compatibilityVersion = "Xcode 14.0";
			developmentRegion = en;
			hasScannedForEncodings = 0;
			knownRegions = (
				en,
				Base,
			);
			mainGroup = 47043D352B802C000015074E;
			productRefGroup = 47043D3F2B802C000015074E /* Products */;
			projectDirPath = "";
			projectRoot = "";
			targets = (
				47043D3D2B802C000015074E /* MyFaceBook */,
			);
		};
/* End PBXProject section */

/* Begin PBXResourcesBuildPhase section */
		47043D3C2B802C000015074E /* Resources */ = {
			isa = PBXResourcesBuildPhase;
			buildActionMask = 2147483647;
			files = (
				47043D492B802C010015074E /* Preview Assets.xcassets in Resources */,
				47043D462B802C010015074E /* Assets.xcassets in Resources */,
			);
			runOnlyForDeploymentPostprocessing = 0;
		};
/* End PBXResourcesBuildPhase section */

/* Begin PBXSourcesBuildPhase section */
		47043D3A2B802C000015074E /* Sources */ = {
			isa = PBXSourcesBuildPhase;
			buildActionMask = 2147483647;
			files = (
				47043D442B802C000015074E /* ContentView.swift in Sources */,
				47043D422B802C000015074E /* MyFaceBookApp.swift in Sources */,
				47043D502B802C180015074E /* User.swift in Sources */,
				47043D542B802D1D0015074E /* URLSessionDecoder.swift in Sources */,
				47043D522B802C720015074E /* Friend.swift in Sources */,
			);
			runOnlyForDeploymentPostprocessing = 0;
		};
/* End PBXSourcesBuildPhase section */

/* Begin XCBuildConfiguration section */
		47043D4A2B802C010015074E /* Debug */ = {
			isa = XCBuildConfiguration;
			buildSettings = {
				ALWAYS_SEARCH_USER_PATHS = NO;
				ASSETCATALOG_COMPILER_GENERATE_SWIFT_ASSET_SYMBOL_EXTENSIONS = YES;
				CLANG_ANALYZER_NONNULL = YES;
				CLANG_ANALYZER_NUMBER_OBJECT_CONVERSION = YES_AGGRESSIVE;
				CLANG_CXX_LANGUAGE_STANDARD = "gnu++20";
				CLANG_ENABLE_MODULES = YES;
				CLANG_ENABLE_OBJC_ARC = YES;
				CLANG_ENABLE_OBJC_WEAK = YES;
				CLANG_WARN_BLOCK_CAPTURE_AUTORELEASING = YES;
				CLANG_WARN_BOOL_CONVERSION = YES;
				CLANG_WARN_COMMA = YES;
				CLANG_WARN_CONSTANT_CONVERSION = YES;
				CLANG_WARN_DEPRECATED_OBJC_IMPLEMENTATIONS = YES;
				CLANG_WARN_DIRECT_OBJC_ISA_USAGE = YES_ERROR;
				CLANG_WARN_DOCUMENTATION_COMMENTS = YES;
				CLANG_WARN_EMPTY_BODY = YES;
				CLANG_WARN_ENUM_CONVERSION = YES;
				CLANG_WARN_INFINITE_RECURSION = YES;
				CLANG_WARN_INT_CONVERSION = YES;
				CLANG_WARN_NON_LITERAL_NULL_CONVERSION = YES;
				CLANG_WARN_OBJC_IMPLICIT_RETAIN_SELF = YES;
				CLANG_WARN_OBJC_LITERAL_CONVERSION = YES;
				CLANG_WARN_OBJC_ROOT_CLASS = YES_ERROR;
				CLANG_WARN_QUOTED_INCLUDE_IN_FRAMEWORK_HEADER = YES;
				CLANG_WARN_RANGE_LOOP_ANALYSIS = YES;
				CLANG_WARN_STRICT_PROTOTYPES = YES;
				CLANG_WARN_SUSPICIOUS_MOVE = YES;
				CLANG_WARN_UNGUARDED_AVAILABILITY = YES_AGGRESSIVE;
				CLANG_WARN_UNREACHABLE_CODE = YES;
				CLANG_WARN__DUPLICATE_METHOD_MATCH = YES;
				COPY_PHASE_STRIP = NO;
				DEBUG_INFORMATION_FORMAT = dwarf;
				ENABLE_STRICT_OBJC_MSGSEND = YES;
				ENABLE_TESTABILITY = YES;
				ENABLE_USER_SCRIPT_SANDBOXING = YES;
				GCC_C_LANGUAGE_STANDARD = gnu17;
				GCC_DYNAMIC_NO_PIC = NO;
				GCC_NO_COMMON_BLOCKS = YES;
				GCC_OPTIMIZATION_LEVEL = 0;
				GCC_PREPROCESSOR_DEFINITIONS = (
					"DEBUG=1",
					"$(inherited)",
				);
				GCC_WARN_64_TO_32_BIT_CONVERSION = YES;
				GCC_WARN_ABOUT_RETURN_TYPE = YES_ERROR;
				GCC_WARN_UNDECLARED_SELECTOR = YES;
				GCC_WARN_UNINITIALIZED_AUTOS = YES_AGGRESSIVE;
				GCC_WARN_UNUSED_FUNCTION = YES;
				GCC_WARN_UNUSED_VARIABLE = YES;
				IPHONEOS_DEPLOYMENT_TARGET = 17.2;
				LOCALIZATION_PREFERS_STRING_CATALOGS = YES;
				MTL_ENABLE_DEBUG_INFO = INCLUDE_SOURCE;
				MTL_FAST_MATH = YES;
				ONLY_ACTIVE_ARCH = YES;
				SDKROOT = iphoneos;
				SWIFT_ACTIVE_COMPILATION_CONDITIONS = "DEBUG $(inherited)";
				SWIFT_OPTIMIZATION_LEVEL = "-Onone";
			};
			name = Debug;
		};
		47043D4B2B802C010015074E /* Release */ = {
			isa = XCBuildConfiguration;
			buildSettings = {
				ALWAYS_SEARCH_USER_PATHS = NO;
				ASSETCATALOG_COMPILER_GENERATE_SWIFT_ASSET_SYMBOL_EXTENSIONS = YES;
				CLANG_ANALYZER_NONNULL = YES;
				CLANG_ANALYZER_NUMBER_OBJECT_CONVERSION = YES_AGGRESSIVE;
				CLANG_CXX_LANGUAGE_STANDARD = "gnu++20";
				CLANG_ENABLE_MODULES = YES;
				CLANG_ENABLE_OBJC_ARC = YES;
				CLANG_ENABLE_OBJC_WEAK = YES;
				CLANG_WARN_BLOCK_CAPTURE_AUTORELEASING = YES;
				CLANG_WARN_BOOL_CONVERSION = YES;
				CLANG_WARN_COMMA = YES;
				CLANG_WARN_CONSTANT_CONVERSION = YES;
				CLANG_WARN_DEPRECATED_OBJC_IMPLEMENTATIONS = YES;
				CLANG_WARN_DIRECT_OBJC_ISA_USAGE = YES_ERROR;
				CLANG_WARN_DOCUMENTATION_COMMENTS = YES;
				CLANG_WARN_EMPTY_BODY = YES;
				CLANG_WARN_ENUM_CONVERSION = YES;
				CLANG_WARN_INFINITE_RECURSION = YES;
				CLANG_WARN_INT_CONVERSION = YES;
				CLANG_WARN_NON_LITERAL_NULL_CONVERSION = YES;
				CLANG_WARN_OBJC_IMPLICIT_RETAIN_SELF = YES;
				CLANG_WARN_OBJC_LITERAL_CONVERSION = YES;
				CLANG_WARN_OBJC_ROOT_CLASS = YES_ERROR;
				CLANG_WARN_QUOTED_INCLUDE_IN_FRAMEWORK_HEADER = YES;
				CLANG_WARN_RANGE_LOOP_ANALYSIS = YES;
				CLANG_WARN_STRICT_PROTOTYPES = YES;
				CLANG_WARN_SUSPICIOUS_MOVE = YES;
				CLANG_WARN_UNGUARDED_AVAILABILITY = YES_AGGRESSIVE;
				CLANG_WARN_UNREACHABLE_CODE = YES;
				CLANG_WARN__DUPLICATE_METHOD_MATCH = YES;
				COPY_PHASE_STRIP = NO;
				DEBUG_INFORMATION_FORMAT = "dwarf-with-dsym";
				ENABLE_NS_ASSERTIONS = NO;
				ENABLE_STRICT_OBJC_MSGSEND = YES;
				ENABLE_USER_SCRIPT_SANDBOXING = YES;
				GCC_C_LANGUAGE_STANDARD = gnu17;
				GCC_NO_COMMON_BLOCKS = YES;
				GCC_WARN_64_TO_32_BIT_CONVERSION = YES;
				GCC_WARN_ABOUT_RETURN_TYPE = YES_ERROR;
				GCC_WARN_UNDECLARED_SELECTOR = YES;
				GCC_WARN_UNINITIALIZED_AUTOS = YES_AGGRESSIVE;
				GCC_WARN_UNUSED_FUNCTION = YES;
				GCC_WARN_UNUSED_VARIABLE = YES;
				IPHONEOS_DEPLOYMENT_TARGET = 17.2;
				LOCALIZATION_PREFERS_STRING_CATALOGS = YES;
				MTL_ENABLE_DEBUG_INFO = NO;
				MTL_FAST_MATH = YES;
				SDKROOT = iphoneos;
				SWIFT_COMPILATION_MODE = wholemodule;
				VALIDATE_PRODUCT = YES;
			};
			name = Release;
		};
		47043D4D2B802C010015074E /* Debug */ = {
			isa = XCBuildConfiguration;
			buildSettings = {
				ASSETCATALOG_COMPILER_APPICON_NAME = AppIcon;
				ASSETCATALOG_COMPILER_GLOBAL_ACCENT_COLOR_NAME = AccentColor;
				CODE_SIGN_STYLE = Automatic;
				CURRENT_PROJECT_VERSION = 1;
				DEVELOPMENT_ASSET_PATHS = "\"MyFaceBook/Preview Content\"";
				DEVELOPMENT_TEAM = AAMSQF9VQJ;
				ENABLE_PREVIEWS = YES;
				GENERATE_INFOPLIST_FILE = YES;
				INFOPLIST_KEY_UIApplicationSceneManifest_Generation = YES;
				INFOPLIST_KEY_UIApplicationSupportsIndirectInputEvents = YES;
				INFOPLIST_KEY_UILaunchScreen_Generation = YES;
				INFOPLIST_KEY_UISupportedInterfaceOrientations_iPad = "UIInterfaceOrientationPortrait UIInterfaceOrientationPortraitUpsideDown UIInterfaceOrientationLandscapeLeft UIInterfaceOrientationLandscapeRight";
				INFOPLIST_KEY_UISupportedInterfaceOrientations_iPhone = "UIInterfaceOrientationPortrait UIInterfaceOrientationLandscapeLeft UIInterfaceOrientationLandscapeRight";
				LD_RUNPATH_SEARCH_PATHS = (
					"$(inherited)",
					"@executable_path/Frameworks",
				);
				MARKETING_VERSION = 1.0;
				PRODUCT_BUNDLE_IDENTIFIER = net.drano.MyFaceBook;
				PRODUCT_NAME = "$(TARGET_NAME)";
				SWIFT_EMIT_LOC_STRINGS = YES;
				SWIFT_VERSION = 5.0;
				TARGETED_DEVICE_FAMILY = "1,2";
			};
			name = Debug;
		};
		47043D4E2B802C010015074E /* Release */ = {
			isa = XCBuildConfiguration;
			buildSettings = {
				ASSETCATALOG_COMPILER_APPICON_NAME = AppIcon;
				ASSETCATALOG_COMPILER_GLOBAL_ACCENT_COLOR_NAME = AccentColor;
				CODE_SIGN_STYLE = Automatic;
				CURRENT_PROJECT_VERSION = 1;
				DEVELOPMENT_ASSET_PATHS = "\"MyFaceBook/Preview Content\"";
				DEVELOPMENT_TEAM = AAMSQF9VQJ;
				ENABLE_PREVIEWS = YES;
				GENERATE_INFOPLIST_FILE = YES;
				INFOPLIST_KEY_UIApplicationSceneManifest_Generation = YES;
				INFOPLIST_KEY_UIApplicationSupportsIndirectInputEvents = YES;
				INFOPLIST_KEY_UILaunchScreen_Generation = YES;
				INFOPLIST_KEY_UISupportedInterfaceOrientations_iPad = "UIInterfaceOrientationPortrait UIInterfaceOrientationPortraitUpsideDown UIInterfaceOrientationLandscapeLeft UIInterfaceOrientationLandscapeRight";
				INFOPLIST_KEY_UISupportedInterfaceOrientations_iPhone = "UIInterfaceOrientationPortrait UIInterfaceOrientationLandscapeLeft UIInterfaceOrientationLandscapeRight";
				LD_RUNPATH_SEARCH_PATHS = (
					"$(inherited)",
					"@executable_path/Frameworks",
				);
				MARKETING_VERSION = 1.0;
				PRODUCT_BUNDLE_IDENTIFIER = net.drano.MyFaceBook;
				PRODUCT_NAME = "$(TARGET_NAME)";
				SWIFT_EMIT_LOC_STRINGS = YES;
				SWIFT_VERSION = 5.0;
				TARGETED_DEVICE_FAMILY = "1,2";
			};
			name = Release;
		};
/* End XCBuildConfiguration section */

/* Begin XCConfigurationList section */
		47043D392B802C000015074E /* Build configuration list for PBXProject "MyFaceBook" */ = {
			isa = XCConfigurationList;
			buildConfigurations = (
				47043D4A2B802C010015074E /* Debug */,
				47043D4B2B802C010015074E /* Release */,
			);
			defaultConfigurationIsVisible = 0;
			defaultConfigurationName = Release;
		};
		47043D4C2B802C010015074E /* Build configuration list for PBXNativeTarget "MyFaceBook" */ = {
			isa = XCConfigurationList;
			buildConfigurations = (
				47043D4D2B802C010015074E /* Debug */,
				47043D4E2B802C010015074E /* Release */,
			);
			defaultConfigurationIsVisible = 0;
			defaultConfigurationName = Release;
		};
/* End XCConfigurationList section */
	};
	rootObject = 47043D362B802C000015074E /* Project object */;
}
